# THIS IS AN AUTOGENERATED FILE. DO NOT EDIT THIS FILE DIRECTLY.
# yarn lockfile v1


"@bazel/bazel-darwin_x64@0.28.1":
  version "0.28.1"
  resolved "https://registry.yarnpkg.com/@bazel/bazel-darwin_x64/-/bazel-darwin_x64-0.28.1.tgz#415658785e1dbd6f7ab5c8f2b98c1c99c614e1d5"
  integrity sha512-VDKWmplAfa4uCAbkIQ5nRn04MFQqtsPNuc2HkluJ8OIum773yC2dPR+OlLBKxrlBuKJYB27TtbOwOa6w/uK7aw==

"@bazel/bazel-linux_x64@0.28.1":
  version "0.28.1"
  resolved "https://registry.yarnpkg.com/@bazel/bazel-linux_x64/-/bazel-linux_x64-0.28.1.tgz#f78006089e17660261088272a0e04fc886572e34"
  integrity sha512-n4XfNxagYhejQD32V4XSxT/qzuH1l/2jxslbKSak66/uQ+wad8Ew9rjNb4JUin3xtrfFtzmxx2jpQkybZsRVGA==

"@bazel/bazel-win32_x64@0.28.1":
  version "0.28.1"
  resolved "https://registry.yarnpkg.com/@bazel/bazel-win32_x64/-/bazel-win32_x64-0.28.1.tgz#60a2819618cf7582cc35ac16c01763a5e807b414"
  integrity sha512-T4xksGfKikaHS4zxnGT6r5R436mz9j2lz//L1vc5sJnaEF/1e2Gv6MLl86vfZW2Xxo6iIEi6ntSzgYxP2Blohw==

"@bazel/bazel@latest":
  version "0.28.1"
  resolved "https://registry.yarnpkg.com/@bazel/bazel/-/bazel-0.28.1.tgz#3a6b9b7a74d566c66805242ccaa2f907592b5bff"
  integrity sha512-s4bn5/vegEec66l15ZjyUe4jNybQ5J/cg9gFzR5f8deKj8lM+2WtCfvTLO3XfUe2pbrB4BG7C31jpyFPOC+6aw==
  dependencies:
    "@bazel/hide-bazel-files" latest
  optionalDependencies:
    "@bazel/bazel-darwin_x64" "0.28.1"
    "@bazel/bazel-linux_x64" "0.28.1"
    "@bazel/bazel-win32_x64" "0.28.1"

"@bazel/buildifier-darwin_x64@0.26.0":
  version "0.26.0"
  resolved "https://registry.yarnpkg.com/@bazel/buildifier-darwin_x64/-/buildifier-darwin_x64-0.26.0.tgz#0e4f5066750f7984689857e332f93368e0d782dd"
  integrity sha512-yvlHuaP2FIMJ4Z4Ucs/R1wgwkDjhDkwvGD1eyhy9Qblqu7Ypgxtv2wz8dygrxDJVxhk3Kiwzlrp3otq6OYjv5A==

"@bazel/buildifier-linux_x64@0.26.0":
  version "0.26.0"
  resolved "https://registry.yarnpkg.com/@bazel/buildifier-linux_x64/-/buildifier-linux_x64-0.26.0.tgz#05020641f17441145056821ec33a2c667e253a3f"
  integrity sha512-4+ZGEVMQdJr39My2eH6GmQrBIQfuw/DWO3Vwpy5vS1p61EvV0a5+jaukRelA3p//FD0j2cAKaBvwZdsijtDsZw==

"@bazel/buildifier-win32_x64@0.26.0":
  version "0.26.0"
  resolved "https://registry.yarnpkg.com/@bazel/buildifier-win32_x64/-/buildifier-win32_x64-0.26.0.tgz#51d983d36fd41f59063347e027487a447e4ea83e"
  integrity sha512-S3QvjopF6cQ0rMv8zxi/SWfRBtA+oBGiTPcfpn1wJZa8Q21PdOcjH9ZgPJKpIV53x6sJ8XBVs7HSW44dPrwxQA==

"@bazel/buildifier@latest":
  version "0.26.0"
  resolved "https://registry.yarnpkg.com/@bazel/buildifier/-/buildifier-0.26.0.tgz#65af3851f9ebe8b9ac651185d051b1a155012dbb"
  integrity sha512-PVzkCOYhjlgcRCXUO31dy/GmtjDWzeTyVmPCFc4pxTFBvlrG7qkVlUW3DCIbBI5neTes0pY8mju837UBdK0OFQ==
  optionalDependencies:
    "@bazel/buildifier-darwin_x64" "0.26.0"
    "@bazel/buildifier-linux_x64" "0.26.0"
    "@bazel/buildifier-win32_x64" "0.26.0"

"@bazel/hide-bazel-files@latest":
  version "0.34.0"
  resolved "https://registry.yarnpkg.com/@bazel/hide-bazel-files/-/hide-bazel-files-0.34.0.tgz#368ea84db2756ff80ead23bb9eb179e9ed24b462"
  integrity sha512-suyO6cZf8iV6W2LkM1X1spWBt7CsRRXH7gU1wYNuAuHYkkfI0A6qj84yPiIXiOt/2G44kbioGyC1bUsI3fKv7A==

"@bazel/ibazel@latest":
  version "0.10.3"
  resolved "https://registry.yarnpkg.com/@bazel/ibazel/-/ibazel-0.10.3.tgz#2e2b8a1d3e885946eac41db2b1aa6801fb319887"
  integrity sha512-v1nXbMTHVlMM4z4uWp6XiRoHAyUlYggF1SOboLLWRp0+D22kWixqArWqnozLw2mOtnxr97BdLjluWiho6A8Hjg==
